// !$*UTF8*$!
{
	archiveVersion = 1;
	classes = {
	};
	objectVersion = 46;
	objects = {

/* Begin PBXBuildFile section */
		01133C1F9C7E70F0B1AF787E /* Pods_FootBall_Social.framework in Frameworks */ = {isa = PBXBuildFile; fileRef = 946B42A923D17E55A46B5384 /* Pods_FootBall_Social.framework */; };
		8B043EBB1E913DB100282D80 /* AppDelegate.swift in Sources */ = {isa = PBXBuildFile; fileRef = 8B043EBA1E913DB100282D80 /* AppDelegate.swift */; };
		8B043EBD1E913DB100282D80 /* ViewController.swift in Sources */ = {isa = PBXBuildFile; fileRef = 8B043EBC1E913DB100282D80 /* ViewController.swift */; };
		8B043EC01E913DB100282D80 /* Main.storyboard in Resources */ = {isa = PBXBuildFile; fileRef = 8B043EBE1E913DB100282D80 /* Main.storyboard */; };
		8B043EC21E913DB100282D80 /* Assets.xcassets in Resources */ = {isa = PBXBuildFile; fileRef = 8B043EC11E913DB100282D80 /* Assets.xcassets */; };
		8B043EC51E913DB100282D80 /* LaunchScreen.storyboard in Resources */ = {isa = PBXBuildFile; fileRef = 8B043EC31E913DB100282D80 /* LaunchScreen.storyboard */; };
		8B183C751E99E02B0009ABFE /* TeamProfileViewController.swift in Sources */ = {isa = PBXBuildFile; fileRef = 8B183C741E99E02B0009ABFE /* TeamProfileViewController.swift */; };
		8B69A8271E95190F00592BB2 /* LoginViewController.swift in Sources */ = {isa = PBXBuildFile; fileRef = 8B69A8261E95190E00592BB2 /* LoginViewController.swift */; };
		8B69A8291E951D5500592BB2 /* RegisterViewController.swift in Sources */ = {isa = PBXBuildFile; fileRef = 8B69A8281E951D5500592BB2 /* RegisterViewController.swift */; };
		8B69A82B1E9557FE00592BB2 /* SRWebClient.swift in Sources */ = {isa = PBXBuildFile; fileRef = 8B69A82A1E9557FE00592BB2 /* SRWebClient.swift */; };
		8B69A82D1E955C5E00592BB2 /* PitchOwnerViewController.swift in Sources */ = {isa = PBXBuildFile; fileRef = 8B69A82C1E955C5E00592BB2 /* PitchOwnerViewController.swift */; };
/* End PBXBuildFile section */

/* Begin PBXFileReference section */
		8B043EB71E913DB100282D80 /* FootBall_Social.app */ = {isa = PBXFileReference; explicitFileType = wrapper.application; includeInIndex = 0; path = FootBall_Social.app; sourceTree = BUILT_PRODUCTS_DIR; };
		8B043EBA1E913DB100282D80 /* AppDelegate.swift */ = {isa = PBXFileReference; lastKnownFileType = sourcecode.swift; path = AppDelegate.swift; sourceTree = "<group>"; };
		8B043EBC1E913DB100282D80 /* ViewController.swift */ = {isa = PBXFileReference; lastKnownFileType = sourcecode.swift; path = ViewController.swift; sourceTree = "<group>"; };
		8B043EBF1E913DB100282D80 /* Base */ = {isa = PBXFileReference; lastKnownFileType = file.storyboard; name = Base; path = Base.lproj/Main.storyboard; sourceTree = "<group>"; };
		8B043EC11E913DB100282D80 /* Assets.xcassets */ = {isa = PBXFileReference; lastKnownFileType = folder.assetcatalog; path = Assets.xcassets; sourceTree = "<group>"; };
		8B043EC41E913DB100282D80 /* Base */ = {isa = PBXFileReference; lastKnownFileType = file.storyboard; name = Base; path = Base.lproj/LaunchScreen.storyboard; sourceTree = "<group>"; };
		8B043EC61E913DB100282D80 /* Info.plist */ = {isa = PBXFileReference; lastKnownFileType = text.plist.xml; path = Info.plist; sourceTree = "<group>"; };
		8B183C741E99E02B0009ABFE /* TeamProfileViewController.swift */ = {isa = PBXFileReference; fileEncoding = 4; lastKnownFileType = sourcecode.swift; path = TeamProfileViewController.swift; sourceTree = "<group>"; };
		8B69A8261E95190E00592BB2 /* LoginViewController.swift */ = {isa = PBXFileReference; fileEncoding = 4; lastKnownFileType = sourcecode.swift; path = LoginViewController.swift; sourceTree = "<group>"; };
		8B69A8281E951D5500592BB2 /* RegisterViewController.swift */ = {isa = PBXFileReference; fileEncoding = 4; lastKnownFileType = sourcecode.swift; path = RegisterViewController.swift; sourceTree = "<group>"; };
		8B69A82A1E9557FE00592BB2 /* SRWebClient.swift */ = {isa = PBXFileReference; fileEncoding = 4; lastKnownFileType = sourcecode.swift; name = SRWebClient.swift; path = "../../../../../Downloads/Swift-SRWebClient-master/SRWebClient/SRWebClient.swift"; sourceTree = "<group>"; };
		8B69A82C1E955C5E00592BB2 /* PitchOwnerViewController.swift */ = {isa = PBXFileReference; fileEncoding = 4; lastKnownFileType = sourcecode.swift; path = PitchOwnerViewController.swift; sourceTree = "<group>"; };
		946B42A923D17E55A46B5384 /* Pods_FootBall_Social.framework */ = {isa = PBXFileReference; explicitFileType = wrapper.framework; includeInIndex = 0; path = Pods_FootBall_Social.framework; sourceTree = BUILT_PRODUCTS_DIR; };
		DE766AAB72C5CA8B536DEDEB /* Pods-FootBall_Social.release.xcconfig */ = {isa = PBXFileReference; includeInIndex = 1; lastKnownFileType = text.xcconfig; name = "Pods-FootBall_Social.release.xcconfig"; path = "Pods/Target Support Files/Pods-FootBall_Social/Pods-FootBall_Social.release.xcconfig"; sourceTree = "<group>"; };
		FBE2AEBEE425A3DDD828039B /* Pods-FootBall_Social.debug.xcconfig */ = {isa = PBXFileReference; includeInIndex = 1; lastKnownFileType = text.xcconfig; name = "Pods-FootBall_Social.debug.xcconfig"; path = "Pods/Target Support Files/Pods-FootBall_Social/Pods-FootBall_Social.debug.xcconfig"; sourceTree = "<group>"; };
/* End PBXFileReference section */

/* Begin PBXFrameworksBuildPhase section */
		8B043EB41E913DB100282D80 /* Frameworks */ = {
			isa = PBXFrameworksBuildPhase;
			buildActionMask = 2147483647;
			files = (
				01133C1F9C7E70F0B1AF787E /* Pods_FootBall_Social.framework in Frameworks */,
			);
			runOnlyForDeploymentPostprocessing = 0;
		};
/* End PBXFrameworksBuildPhase section */

/* Begin PBXGroup section */
		80D3F8FF428BA35D8A9D3544 /* Pods */ = {
			isa = PBXGroup;
			children = (
				FBE2AEBEE425A3DDD828039B /* Pods-FootBall_Social.debug.xcconfig */,
				DE766AAB72C5CA8B536DEDEB /* Pods-FootBall_Social.release.xcconfig */,
			);
			name = Pods;
			sourceTree = "<group>";
		};
		8B043EAE1E913DB100282D80 = {
			isa = PBXGroup;
			children = (
				8B043EB91E913DB100282D80 /* FootBall_Social */,
				8B043EB81E913DB100282D80 /* Products */,
				80D3F8FF428BA35D8A9D3544 /* Pods */,
				A8B6380518076A06223ED15C /* Frameworks */,
			);
			sourceTree = "<group>";
		};
		8B043EB81E913DB100282D80 /* Products */ = {
			isa = PBXGroup;
			children = (
				8B043EB71E913DB100282D80 /* FootBall_Social.app */,
			);
			name = Products;
			sourceTree = "<group>";
		};
		8B043EB91E913DB100282D80 /* FootBall_Social */ = {
			isa = PBXGroup;
			children = (
				8B69A8251E95189700592BB2 /* ViewController */,
				8B69A8241E95189000592BB2 /* View */,
				8B69A8231E95188B00592BB2 /* Model */,
				8B043EBA1E913DB100282D80 /* AppDelegate.swift */,
				8B69A82A1E9557FE00592BB2 /* SRWebClient.swift */,
				8B043EBC1E913DB100282D80 /* ViewController.swift */,
				8B043EBE1E913DB100282D80 /* Main.storyboard */,
				8B043EC11E913DB100282D80 /* Assets.xcassets */,
				8B043EC31E913DB100282D80 /* LaunchScreen.storyboard */,
				8B043EC61E913DB100282D80 /* Info.plist */,
			);
			path = FootBall_Social;
			sourceTree = "<group>";
		};
		8B69A8231E95188B00592BB2 /* Model */ = {
			isa = PBXGroup;
			children = (
			);
			name = Model;
			sourceTree = "<group>";
		};
		8B69A8241E95189000592BB2 /* View */ = {
			isa = PBXGroup;
			children = (
			);
			name = View;
			sourceTree = "<group>";
		};
		8B69A8251E95189700592BB2 /* ViewController */ = {
			isa = PBXGroup;
			children = (
				8B69A8261E95190E00592BB2 /* LoginViewController.swift */,
				8B69A8281E951D5500592BB2 /* RegisterViewController.swift */,
				8B69A82C1E955C5E00592BB2 /* PitchOwnerViewController.swift */,
				8B183C741E99E02B0009ABFE /* TeamProfileViewController.swift */,
			);
			name = ViewController;
			sourceTree = "<group>";
		};
		A8B6380518076A06223ED15C /* Frameworks */ = {
			isa = PBXGroup;
			children = (
				946B42A923D17E55A46B5384 /* Pods_FootBall_Social.framework */,
			);
			name = Frameworks;
			sourceTree = "<group>";
		};
/* End PBXGroup section */

/* Begin PBXNativeTarget section */
		8B043EB61E913DB100282D80 /* FootBall_Social */ = {
			isa = PBXNativeTarget;
			buildConfigurationList = 8B043EC91E913DB100282D80 /* Build configuration list for PBXNativeTarget "FootBall_Social" */;
			buildPhases = (
				D8A889026FF82ECCE7BB7478 /* [CP] Check Pods Manifest.lock */,
				8B043EB31E913DB100282D80 /* Sources */,
				8B043EB41E913DB100282D80 /* Frameworks */,
				8B043EB51E913DB100282D80 /* Resources */,
				EC2FC968C333606C278D4566 /* [CP] Embed Pods Frameworks */,
				95343C142BC79A5269766928 /* [CP] Copy Pods Resources */,
			);
			buildRules = (
			);
			dependencies = (
			);
			name = FootBall_Social;
			productName = FootBall_Social;
			productReference = 8B043EB71E913DB100282D80 /* FootBall_Social.app */;
			productType = "com.apple.product-type.application";
		};
/* End PBXNativeTarget section */

/* Begin PBXProject section */
		8B043EAF1E913DB100282D80 /* Project object */ = {
			isa = PBXProject;
			attributes = {
				LastSwiftUpdateCheck = 0820;
				LastUpgradeCheck = 0820;
				ORGANIZATIONNAME = "Khanh Nguyen";
				TargetAttributes = {
					8B043EB61E913DB100282D80 = {
						CreatedOnToolsVersion = 8.2.1;
						ProvisioningStyle = Automatic;
					};
				};
			};
			buildConfigurationList = 8B043EB21E913DB100282D80 /* Build configuration list for PBXProject "FootBall_Social" */;
			compatibilityVersion = "Xcode 3.2";
			developmentRegion = English;
			hasScannedForEncodings = 0;
			knownRegions = (
				en,
				Base,
			);
			mainGroup = 8B043EAE1E913DB100282D80;
			productRefGroup = 8B043EB81E913DB100282D80 /* Products */;
			projectDirPath = "";
			projectRoot = "";
			targets = (
				8B043EB61E913DB100282D80 /* FootBall_Social */,
			);
		};
/* End PBXProject section */

/* Begin PBXResourcesBuildPhase section */
		8B043EB51E913DB100282D80 /* Resources */ = {
			isa = PBXResourcesBuildPhase;
			buildActionMask = 2147483647;
			files = (
				8B043EC51E913DB100282D80 /* LaunchScreen.storyboard in Resources */,
				8B043EC21E913DB100282D80 /* Assets.xcassets in Resources */,
				8B043EC01E913DB100282D80 /* Main.storyboard in Resources */,
			);
			runOnlyForDeploymentPostprocessing = 0;
		};
/* End PBXResourcesBuildPhase section */

/* Begin PBXShellScriptBuildPhase section */
		95343C142BC79A5269766928 /* [CP] Copy Pods Resources */ = {
			isa = PBXShellScriptBuildPhase;
			buildActionMask = 2147483647;
			files = (
			);
			inputPaths = (
			);
			name = "[CP] Copy Pods Resources";
			outputPaths = (
			);
			runOnlyForDeploymentPostprocessing = 0;
			shellPath = /bin/sh;
			shellScript = "\"${SRCROOT}/Pods/Target Support Files/Pods-FootBall_Social/Pods-FootBall_Social-resources.sh\"\n";
			showEnvVarsInLog = 0;
		};
		D8A889026FF82ECCE7BB7478 /* [CP] Check Pods Manifest.lock */ = {
			isa = PBXShellScriptBuildPhase;
			buildActionMask = 2147483647;
			files = (
			);
			inputPaths = (
			);
			name = "[CP] Check Pods Manifest.lock";
			outputPaths = (
			);
			runOnlyForDeploymentPostprocessing = 0;
			shellPath = /bin/sh;
			shellScript = "diff \"${PODS_ROOT}/../Podfile.lock\" \"${PODS_ROOT}/Manifest.lock\" > /dev/null\nif [ $? != 0 ] ; then\n    # print error to STDERR\n    echo \"error: The sandbox is not in sync with the Podfile.lock. Run 'pod install' or update your CocoaPods installation.\" >&2\n    exit 1\nfi\n";
			showEnvVarsInLog = 0;
		};
		EC2FC968C333606C278D4566 /* [CP] Embed Pods Frameworks */ = {
			isa = PBXShellScriptBuildPhase;
			buildActionMask = 2147483647;
			files = (
			);
			inputPaths = (
			);
			name = "[CP] Embed Pods Frameworks";
			outputPaths = (
			);
			runOnlyForDeploymentPostprocessing = 0;
			shellPath = /bin/sh;
			shellScript = "\"${SRCROOT}/Pods/Target Support Files/Pods-FootBall_Social/Pods-FootBall_Social-frameworks.sh\"\n";
			showEnvVarsInLog = 0;
		};
/* End PBXShellScriptBuildPhase section */

/* Begin PBXSourcesBuildPhase section */
		8B043EB31E913DB100282D80 /* Sources */ = {
			isa = PBXSourcesBuildPhase;
			buildActionMask = 2147483647;
			files = (
				8B69A8271E95190F00592BB2 /* LoginViewController.swift in Sources */,
				8B043EBD1E913DB100282D80 /* ViewController.swift in Sources */,
				8B043EBB1E913DB100282D80 /* AppDelegate.swift in Sources */,
				8B69A82D1E955C5E00592BB2 /* PitchOwnerViewController.swift in Sources */,
				8B69A82B1E9557FE00592BB2 /* SRWebClient.swift in Sources */,
				8B183C751E99E02B0009ABFE /* TeamProfileViewController.swift in Sources */,
				8B69A8291E951D5500592BB2 /* RegisterViewController.swift in Sources */,
			);
			runOnlyForDeploymentPostprocessing = 0;
		};
/* End PBXSourcesBuildPhase section */

/* Begin PBXVariantGroup section */
		8B043EBE1E913DB100282D80 /* Main.storyboard */ = {
			isa = PBXVariantGroup;
			children = (
				8B043EBF1E913DB100282D80 /* Base */,
			);
			name = Main.storyboard;
			sourceTree = "<group>";
		};
		8B043EC31E913DB100282D80 /* LaunchScreen.storyboard */ = {
			isa = PBXVariantGroup;
			children = (
				8B043EC41E913DB100282D80 /* Base */,
			);
			name = LaunchScreen.storyboard;
			sourceTree = "<group>";
		};
/* End PBXVariantGroup section */

/* Begin XCBuildConfiguration section */
		8B043EC71E913DB100282D80 /* Debug */ = {
			isa = XCBuildConfiguration;
			buildSettings = {
				ALWAYS_SEARCH_USER_PATHS = NO;
				CLANG_ANALYZER_NONNULL = YES;
				CLANG_CXX_LANGUAGE_STANDARD = "gnu++0x";
				CLANG_CXX_LIBRARY = "libc++";
				CLANG_ENABLE_MODULES = YES;
				CLANG_ENABLE_OBJC_ARC = YES;
				CLANG_WARN_BOOL_CONVERSION = YES;
				CLANG_WARN_CONSTANT_CONVERSION = YES;
				CLANG_WARN_DIRECT_OBJC_ISA_USAGE = YES_ERROR;
				CLANG_WARN_DOCUMENTATION_COMMENTS = YES;
				CLANG_WARN_EMPTY_BODY = YES;
				CLANG_WARN_ENUM_CONVERSION = YES;
				CLANG_WARN_INFINITE_RECURSION = YES;
				CLANG_WARN_INT_CONVERSION = YES;
				CLANG_WARN_OBJC_ROOT_CLASS = YES_ERROR;
				CLANG_WARN_SUSPICIOUS_MOVE = YES;
				CLANG_WARN_UNREACHABLE_CODE = YES;
				CLANG_WARN__DUPLICATE_METHOD_MATCH = YES;
				"CODE_SIGN_IDENTITY[sdk=iphoneos*]" = "iPhone Developer";
				COPY_PHASE_STRIP = NO;
				DEBUG_INFORMATION_FORMAT = dwarf;
				ENABLE_STRICT_OBJC_MSGSEND = YES;
				ENABLE_TESTABILITY = YES;
				GCC_C_LANGUAGE_STANDARD = gnu99;
				GCC_DYNAMIC_NO_PIC = NO;
				GCC_NO_COMMON_BLOCKS = YES;
				GCC_OPTIMIZATION_LEVEL = 0;
				GCC_PREPROCESSOR_DEFINITIONS = (
					"DEBUG=1",
					"$(inherited)",
				);
				GCC_WARN_64_TO_32_BIT_CONVERSION = YES;
				GCC_WARN_ABOUT_RETURN_TYPE = YES_ERROR;
				GCC_WARN_UNDECLARED_SELECTOR = YES;
				GCC_WARN_UNINITIALIZED_AUTOS = YES_AGGRESSIVE;
				GCC_WARN_UNUSED_FUNCTION = YES;
				GCC_WARN_UNUSED_VARIABLE = YES;
				IPHONEOS_DEPLOYMENT_TARGET = 10.2;
				MTL_ENABLE_DEBUG_INFO = YES;
				ONLY_ACTIVE_ARCH = YES;
				SDKROOT = iphoneos;
				SWIFT_ACTIVE_COMPILATION_CONDITIONS = DEBUG;
				SWIFT_OPTIMIZATION_LEVEL = "-Onone";
			};
			name = Debug;
		};
		8B043EC81E913DB100282D80 /* Release */ = {
			isa = XCBuildConfiguration;
			buildSettings = {
				ALWAYS_SEARCH_USER_PATHS = NO;
				CLANG_ANALYZER_NONNULL = YES;
				CLANG_CXX_LANGUAGE_STANDARD = "gnu++0x";
				CLANG_CXX_LIBRARY = "libc++";
				CLANG_ENABLE_MODULES = YES;
				CLANG_ENABLE_OBJC_ARC = YES;
				CLANG_WARN_BOOL_CONVERSION = YES;
				CLANG_WARN_CONSTANT_CONVERSION = YES;
				CLANG_WARN_DIRECT_OBJC_ISA_USAGE = YES_ERROR;
				CLANG_WARN_DOCUMENTATION_COMMENTS = YES;
				CLANG_WARN_EMPTY_BODY = YES;
				CLANG_WARN_ENUM_CONVERSION = YES;
				CLANG_WARN_INFINITE_RECURSION = YES;
				CLANG_WARN_INT_CONVERSION = YES;
				CLANG_WARN_OBJC_ROOT_CLASS = YES_ERROR;
				CLANG_WARN_SUSPICIOUS_MOVE = YES;
				CLANG_WARN_UNREACHABLE_CODE = YES;
				CLANG_WARN__DUPLICATE_METHOD_MATCH = YES;
				"CODE_SIGN_IDENTITY[sdk=iphoneos*]" = "iPhone Developer";
				COPY_PHASE_STRIP = NO;
				DEBUG_INFORMATION_FORMAT = "dwarf-with-dsym";
				ENABLE_NS_ASSERTIONS = NO;
				ENABLE_STRICT_OBJC_MSGSEND = YES;
				GCC_C_LANGUAGE_STANDARD = gnu99;
				GCC_NO_COMMON_BLOCKS = YES;
				GCC_WARN_64_TO_32_BIT_CONVERSION = YES;
				GCC_WARN_ABOUT_RETURN_TYPE = YES_ERROR;
				GCC_WARN_UNDECLARED_SELECTOR = YES;
				GCC_WARN_UNINITIALIZED_AUTOS = YES_AGGRESSIVE;
				GCC_WARN_UNUSED_FUNCTION = YES;
				GCC_WARN_UNUSED_VARIABLE = YES;
				IPHONEOS_DEPLOYMENT_TARGET = 10.2;
				MTL_ENABLE_DEBUG_INFO = NO;
				SDKROOT = iphoneos;
				SWIFT_OPTIMIZATION_LEVEL = "-Owholemodule";
				VALIDATE_PRODUCT = YES;
			};
			name = Release;
		};
		8B043ECA1E913DB100282D80 /* Debug */ = {
			isa = XCBuildConfiguration;
			baseConfigurationReference = FBE2AEBEE425A3DDD828039B /* Pods-FootBall_Social.debug.xcconfig */;
			buildSettings = {
				ASSETCATALOG_COMPILER_APPICON_NAME = AppIcon;
				INFOPLIST_FILE = FootBall_Social/Info.plist;
				LD_RUNPATH_SEARCH_PATHS = "$(inherited) @executable_path/Frameworks";
				PRODUCT_BUNDLE_IDENTIFIER = "com.KhanhNguyen.FootBall-Social";
				PRODUCT_NAME = "$(TARGET_NAME)";
				SWIFT_VERSION = 3.0;
			};
			name = Debug;
		};
		8B043ECB1E913DB100282D80 /* Release */ = {
			isa = XCBuildConfiguration;
			baseConfigurationReference = DE766AAB72C5CA8B536DEDEB /* Pods-FootBall_Social.release.xcconfig */;
			buildSettings = {
				ASSETCATALOG_COMPILER_APPICON_NAME = AppIcon;
				INFOPLIST_FILE = FootBall_Social/Info.plist;
				LD_RUNPATH_SEARCH_PATHS = "$(inherited) @executable_path/Frameworks";
				PRODUCT_BUNDLE_IDENTIFIER = "com.KhanhNguyen.FootBall-Social";
				PRODUCT_NAME = "$(TARGET_NAME)";
				SWIFT_VERSION = 3.0;
			};
			name = Release;
		};
/* End XCBuildConfiguration section */

/* Begin XCConfigurationList section */
		8B043EB21E913DB100282D80 /* Build configuration list for PBXProject "FootBall_Social" */ = {
			isa = XCConfigurationList;
			buildConfigurations = (
				8B043EC71E913DB100282D80 /* Debug */,
				8B043EC81E913DB100282D80 /* Release */,
			);
			defaultConfigurationIsVisible = 0;
			defaultConfigurationName = Release;
		};
		8B043EC91E913DB100282D80 /* Build configuration list for PBXNativeTarget "FootBall_Social" */ = {
			isa = XCConfigurationList;
			buildConfigurations = (
				8B043ECA1E913DB100282D80 /* Debug */,
				8B043ECB1E913DB100282D80 /* Release */,
			);
			defaultConfigurationIsVisible = 0;
			defaultConfigurationName = Release;
		};
/* End XCConfigurationList section */
	};
	rootObject = 8B043EAF1E913DB100282D80 /* Project object */;
}
